# This file is automatically @generated by Cargo.
# It is not intended for manual editing.
version = 4

[[package]]
name = "escapepod"
version = "0.0.0"
dependencies = [
 "escapepod-core",
 "escapepod-evdev",
 "escapepod-x11",
]

[[package]]
name = "escapepod-core"
version = "0.0.0"

[[package]]
name = "escapepod-evdev"
version = "0.0.0"
dependencies = [
 "escapepod-core",
]

[[package]]
name = "escapepod-x11"
version = "0.0.0"
dependencies = [
 "escapepod-core",
]
